// !$*UTF8*$!
{
	archiveVersion = 1;
	classes = {
	};
	objectVersion = 110;
	objects = {

/* Begin PBXContainerItemProxy section */
		1F6104153065E28E008589D9 /* PBXContainerItemProxy */ = {
			isa = PBXContainerItemProxy;
			containerPortal = 1F6103FF3065E28C008589D9 /* Project object */;
			proxyType = 1;
			remoteGlobalIDString = 1F6104063065E28C008589D9;
			remoteInfo = InstaladorElectricistaCBA;
		};
		1F61041F3065E28E008589D9 /* PBXContainerItemProxy */ = {
			isa = PBXContainerItemProxy;
			containerPortal = 1F6103FF3065E28C008589D9 /* Project object */;
			proxyType = 1;
			remoteGlobalIDString = 1F6104063065E28C008589D9;
			remoteInfo = InstaladorElectricistaCBA;
		};
/* End PBXContainerItemProxy section */

/* Begin PBXFileReference section */
		1F6104073065E28C008589D9 /* InstaladorElectricistaCBA.app */ = {isa = PBXFileReference; explicitFileType = wrapper.application; includeInIndex = 0; path = InstaladorElectricistaCBA.app; sourceTree = BUILT_PRODUCTS_DIR; };
		1F6104143065E28E008589D9 /* InstaladorElectricistaCBATests.xctest */ = {isa = PBXFileReference; explicitFileType = wrapper.cfbundle; includeInIndex = 0; path = InstaladorElectricistaCBATests.xctest; sourceTree = BUILT_PRODUCTS_DIR; };
		1F61041E3065E28E008589D9 /* InstaladorElectricistaCBAUITests.xctest */ = {isa = PBXFileReference; explicitFileType = wrapper.cfbundle; includeInIndex = 0; path = InstaladorElectricistaCBAUITests.xctest; sourceTree = BUILT_PRODUCTS_DIR; };
/* End PBXFileReference section */

/* Begin PBXFileSystemSynchronizedRootGroup section */
		1F6104093065E28C008589D9 /* InstaladorElectricistaCBA */ = {
			isa = PBXFileSystemSynchronizedRootGroup;
			path = InstaladorElectricistaCBA;
			sourceTree = "<group>";
		};
		1F6104173065E28E008589D9 /* InstaladorElectricistaCBATests */ = {
			isa = PBXFileSystemSynchronizedRootGroup;
			path = InstaladorElectricistaCBATests;
			sourceTree = "<group>";
		};
		1F6104213065E28E008589D9 /* InstaladorElectricistaCBAUITests */ = {
			isa = PBXFileSystemSynchronizedRootGroup;
			path = InstaladorElectricistaCBAUITests;
			sourceTree = "<group>";
		};
/* End PBXFileSystemSynchronizedRootGroup section */

/* Begin PBXFrameworksBuildPhase section */
		1F6104043065E28C008589D9 /* Frameworks */ = {
			isa = PBXFrameworksBuildPhase;
			files = (
			);
		};
		1F6104113065E28E008589D9 /* Frameworks */ = {
			isa = PBXFrameworksBuildPhase;
			files = (
			);
		};
		1F61041B3065E28E008589D9 /* Frameworks */ = {
			isa = PBXFrameworksBuildPhase;
			files = (
			);
		};
/* End PBXFrameworksBuildPhase section */

/* Begin PBXGroup section */
		1F6103FE3065E28C008589D9 = {
			isa = PBXGroup;
			children = (
				1F6104093065E28C008589D9 /* InstaladorElectricistaCBA */,
				1F6104173065E28E008589D9 /* InstaladorElectricistaCBATests */,
				1F6104213065E28E008589D9 /* InstaladorElectricistaCBAUITests */,
				1F6104083065E28C008589D9 /* Products */,
			);
			sourceTree = "<group>";
		};
		1F6104083065E28C008589D9 /* Products */ = {
			isa = PBXGroup;
			children = (
				1F6104073065E28C008589D9 /* InstaladorElectricistaCBA.app */,
				1F6104143065E28E008589D9 /* InstaladorElectricistaCBATests.xctest */,
				1F61041E3065E28E008589D9 /* InstaladorElectricistaCBAUITests.xctest */,
			);
			name = Products;
			sourceTree = "<group>";
		};
/* End PBXGroup section */

/* Begin PBXNativeTarget section */
		1F6104063065E28C008589D9 /* InstaladorElectricistaCBA */ = {
			isa = PBXNativeTarget;
			buildConfigurationList = 1F6104263065E28E008589D9 /* Build configuration list for PBXNativeTarget "InstaladorElectricistaCBA" */;
			buildPhases = (
				1F6104033065E28C008589D9 /* Sources */,
				1F6104043065E28C008589D9 /* Frameworks */,
				1F6104053065E28C008589D9 /* Resources */,
			);
			buildRules = (
			);
			fileSystemSynchronizedGroups = (
				1F6104093065E28C008589D9 /* InstaladorElectricistaCBA */,
			);
			name = InstaladorElectricistaCBA;
			productName = InstaladorElectricistaCBA;
			productReference = 1F6104073065E28C008589D9 /* InstaladorElectricistaCBA.app */;
			productType = "com.apple.product-type.application";
		};
		1F6104133065E28E008589D9 /* InstaladorElectricistaCBATests */ = {
			isa = PBXNativeTarget;
			buildConfigurationList = 1F6104293065E28E008589D9 /* Build configuration list for PBXNativeTarget "InstaladorElectricistaCBATests" */;
			buildPhases = (
				1F6104103065E28E008589D9 /* Sources */,
				1F6104113065E28E008589D9 /* Frameworks */,
				1F6104123065E28E008589D9 /* Resources */,
			);
			buildRules = (
			);
			dependencies = (
				1F6104163065E28E008589D9 /* PBXTargetDependency */,
			);
			fileSystemSynchronizedGroups = (
				1F6104173065E28E008589D9 /* InstaladorElectricistaCBATests */,
			);
			name = InstaladorElectricistaCBATests;
			productName = InstaladorElectricistaCBATests;
			productReference = 1F6104143065E28E008589D9 /* InstaladorElectricistaCBATests.xctest */;
			productType = "com.apple.product-type.bundle.unit-test";
		};
		1F61041D3065E28E008589D9 /* InstaladorElectricistaCBAUITests */ = {
			isa = PBXNativeTarget;
			buildConfigurationList = 1F61042C3065E28E008589D9 /* Build configuration list for PBXNativeTarget "InstaladorElectricistaCBAUITests" */;
			buildPhases = (
				1F61041A3065E28E008589D9 /* Sources */,
				1F61041B3065E28E008589D9 /* Frameworks */,
				1F61041C3065E28E008589D9 /* Resources */,
			);
			buildRules = (
			);
			dependencies = (
				1F6104203065E28E008589D9 /* PBXTargetDependency */,
			);
			fileSystemSynchronizedGroups = (
				1F6104213065E28E008589D9 /* InstaladorElectricistaCBAUITests */,
			);
			name = InstaladorElectricistaCBAUITests;
			productName = InstaladorElectricistaCBAUITests;
			productReference = 1F61041E3065E28E008589D9 /* InstaladorElectricistaCBAUITests.xctest */;
			productType = "com.apple.product-type.bundle.ui-testing";
		};
/* End PBXNativeTarget section */

/* Begin PBXProject section */
		1F6103FF3065E28C008589D9 /* Project object */ = {
			isa = PBXProject;
			attributes = {
				BuildIndependentTargetsInParallel = 1;
				LastSwiftUpdateCheck = 2700;
				LastUpgradeCheck = 2700;
				TargetAttributes = {
					1F6104063065E28C008589D9 = {
						CreatedOnToolsVersion = 27.0;
					};
					1F6104133065E28E008589D9 = {
						CreatedOnToolsVersion = 27.0;
						TestTargetID = 1F6104063065E28C008589D9;
					};
					1F61041D3065E28E008589D9 = {
						CreatedOnToolsVersion = 27.0;
						TestTargetID = 1F6104063065E28C008589D9;
					};
				};
			};
			buildConfigurationList = 1F6104023065E28C008589D9 /* Build configuration list for PBXProject "InstaladorElectricistaCBA" */;
			developmentRegion = en;
			hasScannedForEncodings = 0;
			knownRegions = (
				en,
				Base,
			);
			mainGroup = 1F6103FE3065E28C008589D9;
			minimizedProjectReferenceProxies = 1;
			preferredProjectObjectVersion = 77;
			productRefGroup = 1F6104083065E28C008589D9 /* Products */;
			projectDirPath = "";
			projectRoot = "";
			targets = (
				1F6104063065E28C008589D9 /* InstaladorElectricistaCBA */,
				1F6104133065E28E008589D9 /* InstaladorElectricistaCBATests */,
				1F61041D3065E28E008589D9 /* InstaladorElectricistaCBAUITests */,
			);
		};
/* End PBXProject section */

/* Begin PBXResourcesBuildPhase section */
		1F6104053065E28C008589D9 /* Resources */ = {
			isa = PBXResourcesBuildPhase;
			files = (
			);
		};
		1F6104123065E28E008589D9 /* Resources */ = {
			isa = PBXResourcesBuildPhase;
			files = (
			);
		};
		1F61041C3065E28E008589D9 /* Resources */ = {
			isa = PBXResourcesBuildPhase;
			files = (
			);
		};
/* End PBXResourcesBuildPhase section */

/* Begin PBXSourcesBuildPhase section */
		1F6104033065E28C008589D9 /* Sources */ = {
			isa = PBXSourcesBuildPhase;
			files = (
			);
		};
		1F6104103065E28E008589D9 /* Sources */ = {
			isa = PBXSourcesBuildPhase;
			files = (
			);
		};
		1F61041A3065E28E008589D9 /* Sources */ = {
			isa = PBXSourcesBuildPhase;
			files = (
			);
		};
/* End PBXSourcesBuildPhase section */

/* Begin PBXTargetDependency section */
		1F6104163065E28E008589D9 /* PBXTargetDependency */ = {
			isa = PBXTargetDependency;
			target = 1F6104063065E28C008589D9 /* InstaladorElectricistaCBA */;
			targetProxy = 1F6104153065E28E008589D9 /* PBXContainerItemProxy */;
		};
		1F6104203065E28E008589D9 /* PBXTargetDependency */ = {
			isa = PBXTargetDependency;
			target = 1F6104063065E28C008589D9 /* InstaladorElectricistaCBA */;
			targetProxy = 1F61041F3065E28E008589D9 /* PBXContainerItemProxy */;
		};
/* End PBXTargetDependency section */

/* Begin XCBuildConfiguration section */
		1F6104243065E28E008589D9 /* Debug configuration for PBXProject "InstaladorElectricistaCBA" */ = {
			isa = XCBuildConfiguration;
			buildSettings = {
				ALWAYS_SEARCH_USER_PATHS = NO;
				ASSETCATALOG_COMPILER_GENERATE_SWIFT_ASSET_SYMBOL_EXTENSIONS = YES;
				CLANG_ANALYZER_NONNULL = YES;
				CLANG_ANALYZER_NUMBER_OBJECT_CONVERSION = YES_AGGRESSIVE;
				CLANG_CXX_LANGUAGE_STANDARD = "gnu++20";
				CLANG_ENABLE_MODULES = YES;
				CLANG_ENABLE_OBJC_ARC = YES;
				CLANG_ENABLE_OBJC_WEAK = YES;
				CLANG_WARN_BLOCK_CAPTURE_AUTORELEASING = YES;
				CLANG_WARN_BOOL_CONVERSION = YES;
				CLANG_WARN_COMMA = YES;
				CLANG_WARN_CONSTANT_CONVERSION = YES;
				CLANG_WARN_DEPRECATED_OBJC_IMPLEMENTATIONS = YES;
				CLANG_WARN_DIRECT_OBJC_ISA_USAGE = YES_ERROR;
				CLANG_WARN_DOCUMENTATION_COMMENTS = YES;
				CLANG_WARN_EMPTY_BODY = YES;
				CLANG_WARN_ENUM_CONVERSION = YES;
				CLANG_WARN_INFINITE_RECURSION = YES;
				CLANG_WARN_INT_CONVERSION = YES;
				CLANG_WARN_NON_LITERAL_NULL_CONVERSION = YES;
				CLANG_WARN_OBJC_IMPLICIT_RETAIN_SELF = YES;
				CLANG_WARN_OBJC_LITERAL_CONVERSION = YES;
				CLANG_WARN_OBJC_ROOT_CLASS = YES_ERROR;
				CLANG_WARN_QUOTED_INCLUDE_IN_FRAMEWORK_HEADER = YES;
				CLANG_WARN_RANGE_LOOP_ANALYSIS = YES;
				CLANG_WARN_STRICT_PROTOTYPES = YES;
				CLANG_WARN_SUSPICIOUS_MOVE = YES;
				CLANG_WARN_UNGUARDED_AVAILABILITY = YES_AGGRESSIVE;
				CLANG_WARN_UNREACHABLE_CODE = YES;
				CLANG_WARN__DUPLICATE_METHOD_MATCH = YES;
				COPY_PHASE_STRIP = NO;
				DEBUG_INFORMATION_FORMAT = dwarf;
				DEVELOPMENT_TEAM = 6876JSGCJ5;
				ENABLE_STRICT_OBJC_MSGSEND = YES;
				ENABLE_TESTABILITY = YES;
				ENABLE_USER_SCRIPT_SANDBOXING = YES;
				GCC_C_LANGUAGE_STANDARD = gnu17;
				GCC_DYNAMIC_NO_PIC = NO;
				GCC_NO_COMMON_BLOCKS = YES;
				GCC_OPTIMIZATION_LEVEL = 0;
				GCC_PREPROCESSOR_DEFINITIONS = (
					"DEBUG=1",
					"$(inherited)",
				);
				GCC_WARN_64_TO_32_BIT_CONVERSION = YES;
				GCC_WARN_ABOUT_RETURN_TYPE = YES_ERROR;
				GCC_WARN_UNDECLARED_SELECTOR = YES;
				GCC_WARN_UNINITIALIZED_AUTOS = YES_AGGRESSIVE;
				GCC_WARN_UNUSED_FUNCTION = YES;
				GCC_WARN_UNUSED_VARIABLE = YES;
				LOCALIZATION_PREFERS_STRING_CATALOGS = YES;
				MTL_ENABLE_DEBUG_INFO = INCLUDE_SOURCE;
				MTL_FAST_MATH = YES;
				ONLY_ACTIVE_ARCH = YES;
				SWIFT_ACTIVE_COMPILATION_CONDITIONS = "DEBUG $(inherited)";
				SWIFT_OPTIMIZATION_LEVEL = "-Onone";
			};
			name = Debug;
		};
		1F6104253065E28E008589D9 /* Release configuration for PBXProject "InstaladorElectricistaCBA" */ = {
			isa = XCBuildConfiguration;
			buildSettings = {
				ALWAYS_SEARCH_USER_PATHS = NO;
				ASSETCATALOG_COMPILER_GENERATE_SWIFT_ASSET_SYMBOL_EXTENSIONS = YES;
				CLANG_ANALYZER_NONNULL = YES;
				CLANG_ANALYZER_NUMBER_OBJECT_CONVERSION = YES_AGGRESSIVE;
				CLANG_CXX_LANGUAGE_STANDARD = "gnu++20";
				CLANG_ENABLE_MODULES = YES;
				CLANG_ENABLE_OBJC_ARC = YES;
				CLANG_ENABLE_OBJC_WEAK = YES;
				CLANG_WARN_BLOCK_CAPTURE_AUTORELEASING = YES;
				CLANG_WARN_BOOL_CONVERSION = YES;
				CLANG_WARN_COMMA = YES;
				CLANG_WARN_CONSTANT_CONVERSION = YES;
				CLANG_WARN_DEPRECATED_OBJC_IMPLEMENTATIONS = YES;
				CLANG_WARN_DIRECT_OBJC_ISA_USAGE = YES_ERROR;
				CLANG_WARN_DOCUMENTATION_COMMENTS = YES;
				CLANG_WARN_EMPTY_BODY = YES;
				CLANG_WARN_ENUM_CONVERSION = YES;
				CLANG_WARN_INFINITE_RECURSION = YES;
				CLANG_WARN_INT_CONVERSION = YES;
				CLANG_WARN_NON_LITERAL_NULL_CONVERSION = YES;
				CLANG_WARN_OBJC_IMPLICIT_RETAIN_SELF = YES;
				CLANG_WARN_OBJC_LITERAL_CONVERSION = YES;
				CLANG_WARN_OBJC_ROOT_CLASS = YES_ERROR;
				CLANG_WARN_QUOTED_INCLUDE_IN_FRAMEWORK_HEADER = YES;
				CLANG_WARN_RANGE_LOOP_ANALYSIS = YES;
				CLANG_WARN_STRICT_PROTOTYPES = YES;
				CLANG_WARN_SUSPICIOUS_MOVE = YES;
				CLANG_WARN_UNGUARDED_AVAILABILITY = YES_AGGRESSIVE;
				CLANG_WARN_UNREACHABLE_CODE = YES;
				CLANG_WARN__DUPLICATE_METHOD_MATCH = YES;
				COPY_PHASE_STRIP = NO;
				DEBUG_INFORMATION_FORMAT = "dwarf-with-dsym";
				DEVELOPMENT_TEAM = 6876JSGCJ5;
				ENABLE_NS_ASSERTIONS = NO;
				ENABLE_STRICT_OBJC_MSGSEND = YES;
				ENABLE_USER_SCRIPT_SANDBOXING = YES;
				GCC_C_LANGUAGE_STANDARD = gnu17;
				GCC_NO_COMMON_BLOCKS = YES;
				GCC_WARN_64_TO_32_BIT_CONVERSION = YES;
				GCC_WARN_ABOUT_RETURN_TYPE = YES_ERROR;
				GCC_WARN_UNDECLARED_SELECTOR = YES;
				GCC_WARN_UNINITIALIZED_AUTOS = YES_AGGRESSIVE;
				GCC_WARN_UNUSED_FUNCTION = YES;
				GCC_WARN_UNUSED_VARIABLE = YES;
				LOCALIZATION_PREFERS_STRING_CATALOGS = YES;
				MTL_ENABLE_DEBUG_INFO = NO;
				MTL_FAST_MATH = YES;
				SWIFT_COMPILATION_MODE = wholemodule;
			};
			name = Release;
		};
		1F6104273065E28E008589D9 /* Debug configuration for PBXNativeTarget "InstaladorElectricistaCBA" */ = {
			isa = XCBuildConfiguration;
			buildSettings = {
				ASSETCATALOG_COMPILER_APPICON_NAME = AppIcon;
				ASSETCATALOG_COMPILER_GLOBAL_ACCENT_COLOR_NAME = AccentColor;
				CODE_SIGN_STYLE = Automatic;
				CURRENT_PROJECT_VERSION = 1;
				DEVELOPMENT_TEAM = 6876JSGCJ5;
				ENABLE_APP_SANDBOX = YES;
				ENABLE_HARDENED_RUNTIME = YES;
				ENABLE_PREVIEWS = YES;
				ENABLE_USER_SELECTED_FILES = readonly;
				GENERATE_INFOPLIST_FILE = YES;
				"INFOPLIST_KEY_UIApplicationSceneManifest_Generation[sdk=iphoneos*]" = YES;
				"INFOPLIST_KEY_UIApplicationSceneManifest_Generation[sdk=iphonesimulator*]" = YES;
				"INFOPLIST_KEY_UIApplicationSupportsIndirectInputEvents[sdk=iphoneos*]" = YES;
				"INFOPLIST_KEY_UIApplicationSupportsIndirectInputEvents[sdk=iphonesimulator*]" = YES;
				"INFOPLIST_KEY_UILaunchScreen_Generation[sdk=iphoneos*]" = YES;
				"INFOPLIST_KEY_UILaunchScreen_Generation[sdk=iphonesimulator*]" = YES;
				"INFOPLIST_KEY_UIStatusBarStyle[sdk=iphoneos*]" = UIStatusBarStyleDefault;
				"INFOPLIST_KEY_UIStatusBarStyle[sdk=iphonesimulator*]" = UIStatusBarStyleDefault;
				INFOPLIST_KEY_UISupportedInterfaceOrientations_iPad = "UIInterfaceOrientationPortrait UIInterfaceOrientationPortraitUpsideDown UIInterfaceOrientationLandscapeLeft UIInterfaceOrientationLandscapeRight";
				INFOPLIST_KEY_UISupportedInterfaceOrientations_iPhone = "UIInterfaceOrientationPortrait UIInterfaceOrientationLandscapeLeft UIInterfaceOrientationLandscapeRight";
				IPHONEOS_DEPLOYMENT_TARGET = 27.0;
				LD_RUNPATH_SEARCH_PATHS = "@executable_path/Frameworks";
				"LD_RUNPATH_SEARCH_PATHS[sdk=macosx*]" = "@executable_path/../Frameworks";
				MACOSX_DEPLOYMENT_TARGET = 27.0;
				MARKETING_VERSION = 1.0;
				PRODUCT_BUNDLE_IDENTIFIER = com.alanforneron.InstaladorElectricistaCBA;
				PRODUCT_NAME = "$(TARGET_NAME)";
				REGISTER_APP_GROUPS = YES;
				SDKROOT = auto;
				STRING_CATALOG_GENERATE_SYMBOLS = YES;
				SUPPORTED_PLATFORMS = "iphoneos iphonesimulator macosx xros xrsimulator";
				SWIFT_APPROACHABLE_CONCURRENCY = YES;
				SWIFT_DEFAULT_ACTOR_ISOLATION = MainActor;
				SWIFT_EMIT_LOC_STRINGS = YES;
				SWIFT_UPCOMING_FEATURE_MEMBER_IMPORT_VISIBILITY = YES;
				SWIFT_VERSION = 5.0;
				TARGETED_DEVICE_FAMILY = "1,2,7";
				XROS_DEPLOYMENT_TARGET = 27.0;
			};
			name = Debug;
		};
		1F6104283065E28E008589D9 /* Release configuration for PBXNativeTarget "InstaladorElectricistaCBA" */ = {
			isa = XCBuildConfiguration;
			buildSettings = {
				ASSETCATALOG_COMPILER_APPICON_NAME = AppIcon;
				ASSETCATALOG_COMPILER_GLOBAL_ACCENT_COLOR_NAME = AccentColor;
				CODE_SIGN_STYLE = Automatic;
				CURRENT_PROJECT_VERSION = 1;
				DEVELOPMENT_TEAM = 6876JSGCJ5;
				ENABLE_APP_SANDBOX = YES;
				ENABLE_HARDENED_RUNTIME = YES;
				ENABLE_PREVIEWS = YES;
				ENABLE_USER_SELECTED_FILES = readonly;
				GENERATE_INFOPLIST_FILE = YES;
				"INFOPLIST_KEY_UIApplicationSceneManifest_Generation[sdk=iphoneos*]" = YES;
				"INFOPLIST_KEY_UIApplicationSceneManifest_Generation[sdk=iphonesimulator*]" = YES;
				"INFOPLIST_KEY_UIApplicationSupportsIndirectInputEvents[sdk=iphoneos*]" = YES;
				"INFOPLIST_KEY_UIApplicationSupportsIndirectInputEvents[sdk=iphonesimulator*]" = YES;
				"INFOPLIST_KEY_UILaunchScreen_Generation[sdk=iphoneos*]" = YES;
				"INFOPLIST_KEY_UILaunchScreen_Generation[sdk=iphonesimulator*]" = YES;
				"INFOPLIST_KEY_UIStatusBarStyle[sdk=iphoneos*]" = UIStatusBarStyleDefault;
				"INFOPLIST_KEY_UIStatusBarStyle[sdk=iphonesimulator*]" = UIStatusBarStyleDefault;
				INFOPLIST_KEY_UISupportedInterfaceOrientations_iPad = "UIInterfaceOrientationPortrait UIInterfaceOrientationPortraitUpsideDown UIInterfaceOrientationLandscapeLeft UIInterfaceOrientationLandscapeRight";
				INFOPLIST_KEY_UISupportedInterfaceOrientations_iPhone = "UIInterfaceOrientationPortrait UIInterfaceOrientationLandscapeLeft UIInterfaceOrientationLandscapeRight";
				IPHONEOS_DEPLOYMENT_TARGET = 27.0;
				LD_RUNPATH_SEARCH_PATHS = "@executable_path/Frameworks";
				"LD_RUNPATH_SEARCH_PATHS[sdk=macosx*]" = "@executable_path/../Frameworks";
				MACOSX_DEPLOYMENT_TARGET = 27.0;
				MARKETING_VERSION = 1.0;
				PRODUCT_BUNDLE_IDENTIFIER = com.alanforneron.InstaladorElectricistaCBA;
				PRODUCT_NAME = "$(TARGET_NAME)";
				REGISTER_APP_GROUPS = YES;
				SDKROOT = auto;
				STRING_CATALOG_GENERATE_SYMBOLS = YES;
				SUPPORTED_PLATFORMS = "iphoneos iphonesimulator macosx xros xrsimulator";
				SWIFT_APPROACHABLE_CONCURRENCY = YES;
				SWIFT_DEFAULT_ACTOR_ISOLATION = MainActor;
				SWIFT_EMIT_LOC_STRINGS = YES;
				SWIFT_UPCOMING_FEATURE_MEMBER_IMPORT_VISIBILITY = YES;
				SWIFT_VERSION = 5.0;
				TARGETED_DEVICE_FAMILY = "1,2,7";
				XROS_DEPLOYMENT_TARGET = 27.0;
			};
			name = Release;
		};
		1F61042A3065E28E008589D9 /* Debug configuration for PBXNativeTarget "InstaladorElectricistaCBATests" */ = {
			isa = XCBuildConfiguration;
			buildSettings = {
				BUNDLE_LOADER = "$(TEST_HOST)";
				CODE_SIGN_STYLE = Automatic;
				CURRENT_PROJECT_VERSION = 1;
				DEVELOPMENT_TEAM = 6876JSGCJ5;
				GENERATE_INFOPLIST_FILE = YES;
				IPHONEOS_DEPLOYMENT_TARGET = 27.0;
				MACOSX_DEPLOYMENT_TARGET = 27.0;
				MARKETING_VERSION = 1.0;
				PRODUCT_BUNDLE_IDENTIFIER = com.alanforneron.InstaladorElectricistaCBATests;
				PRODUCT_NAME = "$(TARGET_NAME)";
				SDKROOT = auto;
				STRING_CATALOG_GENERATE_SYMBOLS = NO;
				SUPPORTED_PLATFORMS = "iphoneos iphonesimulator macosx xros xrsimulator";
				SWIFT_APPROACHABLE_CONCURRENCY = YES;
				SWIFT_EMIT_LOC_STRINGS = NO;
				SWIFT_UPCOMING_FEATURE_MEMBER_IMPORT_VISIBILITY = YES;
				SWIFT_VERSION = 5.0;
				TARGETED_DEVICE_FAMILY = "1,2,7";
				TEST_HOST = "$(BUILT_PRODUCTS_DIR)/InstaladorElectricistaCBA.app/$(BUNDLE_EXECUTABLE_FOLDER_PATH)/InstaladorElectricistaCBA";
				XROS_DEPLOYMENT_TARGET = 27.0;
			};
			name = Debug;
		};
		1F61042B3065E28E008589D9 /* Release configuration for PBXNativeTarget "InstaladorElectricistaCBATests" */ = {
			isa = XCBuildConfiguration;
			buildSettings = {
				BUNDLE_LOADER = "$(TEST_HOST)";
				CODE_SIGN_STYLE = Automatic;
				CURRENT_PROJECT_VERSION = 1;
				DEVELOPMENT_TEAM = 6876JSGCJ5;
				GENERATE_INFOPLIST_FILE = YES;
				IPHONEOS_DEPLOYMENT_TARGET = 27.0;
				MACOSX_DEPLOYMENT_TARGET = 27.0;
				MARKETING_VERSION = 1.0;
				PRODUCT_BUNDLE_IDENTIFIER = com.alanforneron.InstaladorElectricistaCBATests;
				PRODUCT_NAME = "$(TARGET_NAME)";
				SDKROOT = auto;
				STRING_CATALOG_GENERATE_SYMBOLS = NO;
				SUPPORTED_PLATFORMS = "iphoneos iphonesimulator macosx xros xrsimulator";
				SWIFT_APPROACHABLE_CONCURRENCY = YES;
				SWIFT_EMIT_LOC_STRINGS = NO;
				SWIFT_UPCOMING_FEATURE_MEMBER_IMPORT_VISIBILITY = YES;
				SWIFT_VERSION = 5.0;
				TARGETED_DEVICE_FAMILY = "1,2,7";
				TEST_HOST = "$(BUILT_PRODUCTS_DIR)/InstaladorElectricistaCBA.app/$(BUNDLE_EXECUTABLE_FOLDER_PATH)/InstaladorElectricistaCBA";
				XROS_DEPLOYMENT_TARGET = 27.0;
			};
			name = Release;
		};
		1F61042D3065E28E008589D9 /* Debug configuration for PBXNativeTarget "InstaladorElectricistaCBAUITests" */ = {
			isa = XCBuildConfiguration;
			buildSettings = {
				CODE_SIGN_STYLE = Automatic;
				CURRENT_PROJECT_VERSION = 1;
				DEVELOPMENT_TEAM = 6876JSGCJ5;
				GENERATE_INFOPLIST_FILE = YES;
				IPHONEOS_DEPLOYMENT_TARGET = 27.0;
				MACOSX_DEPLOYMENT_TARGET = 27.0;
				MARKETING_VERSION = 1.0;
				PRODUCT_BUNDLE_IDENTIFIER = com.alanforneron.InstaladorElectricistaCBAUITests;
				PRODUCT_NAME = "$(TARGET_NAME)";
				SDKROOT = auto;
				STRING_CATALOG_GENERATE_SYMBOLS = NO;
				SUPPORTED_PLATFORMS = "iphoneos iphonesimulator macosx xros xrsimulator";
				SWIFT_APPROACHABLE_CONCURRENCY = YES;
				SWIFT_EMIT_LOC_STRINGS = NO;
				SWIFT_UPCOMING_FEATURE_MEMBER_IMPORT_VISIBILITY = YES;
				SWIFT_VERSION = 5.0;
				TARGETED_DEVICE_FAMILY = "1,2,7";
				TEST_TARGET_NAME = InstaladorElectricistaCBA;
				XROS_DEPLOYMENT_TARGET = 27.0;
			};
			name = Debug;
		};
		1F61042E3065E28E008589D9 /* Release configuration for PBXNativeTarget "InstaladorElectricistaCBAUITests" */ = {
			isa = XCBuildConfiguration;
			buildSettings = {
				CODE_SIGN_STYLE = Automatic;
				CURRENT_PROJECT_VERSION = 1;
				DEVELOPMENT_TEAM = 6876JSGCJ5;
				GENERATE_INFOPLIST_FILE = YES;
				IPHONEOS_DEPLOYMENT_TARGET = 27.0;
				MACOSX_DEPLOYMENT_TARGET = 27.0;
				MARKETING_VERSION = 1.0;
				PRODUCT_BUNDLE_IDENTIFIER = com.alanforneron.InstaladorElectricistaCBAUITests;
				PRODUCT_NAME = "$(TARGET_NAME)";
				SDKROOT = auto;
				STRING_CATALOG_GENERATE_SYMBOLS = NO;
				SUPPORTED_PLATFORMS = "iphoneos iphonesimulator macosx xros xrsimulator";
				SWIFT_APPROACHABLE_CONCURRENCY = YES;
				SWIFT_EMIT_LOC_STRINGS = NO;
				SWIFT_UPCOMING_FEATURE_MEMBER_IMPORT_VISIBILITY = YES;
				SWIFT_VERSION = 5.0;
				TARGETED_DEVICE_FAMILY = "1,2,7";
				TEST_TARGET_NAME = InstaladorElectricistaCBA;
				XROS_DEPLOYMENT_TARGET = 27.0;
			};
			name = Release;
		};
/* End XCBuildConfiguration section */

/* Begin XCConfigurationList section */
		1F6104023065E28C008589D9 /* Build configuration list for PBXProject "InstaladorElectricistaCBA" */ = {
			isa = XCConfigurationList;
			buildConfigurations = (
				1F6104243065E28E008589D9 /* Debug configuration for PBXProject "InstaladorElectricistaCBA" */,
				1F6104253065E28E008589D9 /* Release configuration for PBXProject "InstaladorElectricistaCBA" */,
			);
			defaultConfigurationName = Release;
		};
		1F6104263065E28E008589D9 /* Build configuration list for PBXNativeTarget "InstaladorElectricistaCBA" */ = {
			isa = XCConfigurationList;
			buildConfigurations = (
				1F6104273065E28E008589D9 /* Debug configuration for PBXNativeTarget "InstaladorElectricistaCBA" */,
				1F6104283065E28E008589D9 /* Release configuration for PBXNativeTarget "InstaladorElectricistaCBA" */,
			);
			defaultConfigurationName = Release;
		};
		1F6104293065E28E008589D9 /* Build configuration list for PBXNativeTarget "InstaladorElectricistaCBATests" */ = {
			isa = XCConfigurationList;
			buildConfigurations = (
				1F61042A3065E28E008589D9 /* Debug configuration for PBXNativeTarget "InstaladorElectricistaCBATests" */,
				1F61042B3065E28E008589D9 /* Release configuration for PBXNativeTarget "InstaladorElectricistaCBATests" */,
			);
			defaultConfigurationName = Release;
		};
		1F61042C3065E28E008589D9 /* Build configuration list for PBXNativeTarget "InstaladorElectricistaCBAUITests" */ = {
			isa = XCConfigurationList;
			buildConfigurations = (
				1F61042D3065E28E008589D9 /* Debug configuration for PBXNativeTarget "InstaladorElectricistaCBAUITests" */,
				1F61042E3065E28E008589D9 /* Release configuration for PBXNativeTarget "InstaladorElectricistaCBAUITests" */,
			);
			defaultConfigurationName = Release;
		};
/* End XCConfigurationList section */
	};
	rootObject = 1F6103FF3065E28C008589D9 /* Project object */;
	validationLevel = 1;
}
